PODS:
  - MLNKV (0.0.2):
    - MLNKV/cpp (= 0.0.2)
  - MLNKV/cpp (0.0.2)

DEPENDENCIES:
  - MLNKV (from `./MLNKV.podspec`)

EXTERNAL SOURCES:
  MLNKV:
    :path: "./MLNKV.podspec"

SPEC CHECKSUMS:
  MLNKV: 6a32f2f2643aa9c737fd4e6c59d53fbfdba3c562

PODFILE CHECKSUM: 14c08fe24c39dadc2ffe737cf339427519633f0d

COCOAPODS: 1.7.5
